<?xml version="1.0" encoding="utf-8"?>
<Project ToolsVersion="4.0" xmlns="http://schemas.microsoft.com/developer/msbuild/2003">
  <ItemGroup>
    <Filter Include="Source Files">
      <UniqueIdentifier>{4FC737F1-C7A5-4376-A066-2A32D752A2FF}</UniqueIdentifier>
      <Extensions>cpp;c;cc;cxx;def;odl;idl;hpj;bat;asm;asmx</Extensions>
    </Filter>
    <Filter Include="Header Files">
      <UniqueIdentifier>{93995380-89BD-4b04-88EB-625FBE52EBFB}</UniqueIdentifier>
      <Extensions>h;hpp;hxx;hm;inl;inc;xsd</Extensions>
    </Filter>
    <Filter Include="Resource Files">
      <UniqueIdentifier>{67DA6AB6-F800-4c08-8B7A-83BB121AAD01}</UniqueIdentifier>
      <Extensions>rc;ico;cur;bmp;dlg;rc2;rct;bin;rgs;gif;jpg;jpeg;jpe;resx;tiff;tif;png;wav;mfcribbon-ms</Extensions>
    </Filter>
    <Filter Include="Configuration Files">
      <UniqueIdentifier>{cd14b25a-151a-4d1b-9375-87a75076bc81}</UniqueIdentifier>
    </Filter>
    <Filter Include="Header Files\Pathfinding">
      <UniqueIdentifier>{27fa240d-4d07-4fc6-867c-223d4235dafa}</UniqueIdentifier>
    </Filter>
    <Filter Include="Source Files\Pathfinding">
      <UniqueIdentifier>{d5edaa55-76d3-429e-a3d5-545889e5e667}</UniqueIdentifier>
    </Filter>
    <Filter Include="media">
      <UniqueIdentifier>{14f3a675-3cd1-4bc6-aa15-82d44d1fa085}</UniqueIdentifier>
    </Filter>
    <Filter Include="Header Files\Common">
      <UniqueIdentifier>{0d570d72-3dc2-4f66-8f9d-1435ca005ca5}</UniqueIdentifier>
    </Filter>
    <Filter Include="Header Files\Interfaces">
      <UniqueIdentifier>{3b5b4adc-3e2d-49c4-8082-d1ea67536722}</UniqueIdentifier>
    </Filter>
    <Filter Include="Header Files\Objects">
      <UniqueIdentifier>{45c2ab59-bd78-4b32-a24b-86f779e14273}</UniqueIdentifier>
    </Filter>
    <Filter Include="Header Files\Tank">
      <UniqueIdentifier>{d3c418b7-4f23-4f6f-ab01-567aa3ff659d}</UniqueIdentifier>
    </Filter>
    <Filter Include="Source Files\Tank">
      <UniqueIdentifier>{73079a93-6314-411e-bab2-25c31857dc51}</UniqueIdentifier>
    </Filter>
    <Filter Include="Source Files\Objects">
      <UniqueIdentifier>{33ef1a9d-c40d-4c1a-b9ff-4acb6a2b7d3c}</UniqueIdentifier>
    </Filter>
    <Filter Include="Source Files\Common">
      <UniqueIdentifier>{a2e85fad-97fe-456d-9509-49266738a466}</UniqueIdentifier>
    </Filter>
    <Filter Include="Header Files\Tank\States">
      <UniqueIdentifier>{3b58fdb3-06fd-4ce0-8ebe-b61f16942f1a}</UniqueIdentifier>
    </Filter>
    <Filter Include="Source Files\Tank\States">
      <UniqueIdentifier>{599cf5aa-f3cc-4665-9bb5-465d885f6f64}</UniqueIdentifier>
    </Filter>
  </ItemGroup>
  <ItemGroup>
    <ClInclude Include="BaseApplication.h">
      <Filter>Header Files</Filter>
    </ClInclude>
    <ClInclude Include="DemoApp.h">
      <Filter>Header Files</Filter>
    </ClInclude>
    <ClInclude Include="stdafx.h">
      <Filter>Header Files</Filter>
    </ClInclude>
    <ClInclude Include="PathFinding.h">
      <Filter>Header Files\Pathfinding</Filter>
    </ClInclude>
    <ClInclude Include="Connection.h">
      <Filter>Header Files\Pathfinding</Filter>
    </ClInclude>
    <ClInclude Include="Graph.h">
      <Filter>Header Files\Pathfinding</Filter>
    </ClInclude>
    <ClInclude Include="NodeRecord.h">
      <Filter>Header Files\Pathfinding</Filter>
    </ClInclude>
    <ClInclude Include="SelectionBox.h">
      <Filter>Header Files</Filter>
    </ClInclude>
    <ClInclude Include="PhysicsEngine.h">
      <Filter>Header Files</Filter>
    </ClInclude>
    <ClInclude Include="PowerUp.h">
      <Filter>Header Files</Filter>
    </ClInclude>
    <ClInclude Include="IDamageableObject.hpp">
      <Filter>Header Files\Interfaces</Filter>
    </ClInclude>
    <ClInclude Include="IPhysicsObject.hpp">
      <Filter>Header Files\Interfaces</Filter>
    </ClInclude>
    <ClInclude Include="IPoolObject.hpp">
      <Filter>Header Files\Interfaces</Filter>
    </ClInclude>
    <ClInclude Include="Math.hpp">
      <Filter>Header Files\Common</Filter>
    </ClInclude>
    <ClInclude Include="OgreEuler.hpp">
      <Filter>Header Files\Common</Filter>
    </ClInclude>
    <ClInclude Include="ProjectileMath.hpp">
      <Filter>Header Files\Common</Filter>
    </ClInclude>
    <ClInclude Include="PoolManager.hpp">
      <Filter>Header Files\Objects</Filter>
    </ClInclude>
    <ClInclude Include="Projectile.hpp">
      <Filter>Header Files\Objects</Filter>
    </ClInclude>
    <ClInclude Include="Shell.hpp">
      <Filter>Header Files\Tank</Filter>
    </ClInclude>
    <ClInclude Include="CollisionMasks.hpp">
      <Filter>Header Files\Common</Filter>
    </ClInclude>
    <ClInclude Include="Tank.h">
      <Filter>Header Files\Tank</Filter>
    </ClInclude>
    <ClInclude Include="Utilities.h">
      <Filter>Header Files\Common</Filter>
    </ClInclude>
    <ClInclude Include="Turret.hpp">
      <Filter>Header Files\Tank</Filter>
    </ClInclude>
    <ClInclude Include="TankFactory.hpp">
      <Filter>Header Files\Objects</Filter>
    </ClInclude>
    <ClInclude Include="QueryMasks.hpp">
      <Filter>Header Files\Common</Filter>
    </ClInclude>
    <ClInclude Include="GameObject.h">
      <Filter>Header Files</Filter>
    </ClInclude>
    <ClInclude Include="TankStateMachine.hpp">
      <Filter>Header Files\Tank</Filter>
    </ClInclude>
    <ClInclude Include="TankKinematics.hpp">
      <Filter>Header Files\Tank</Filter>
    </ClInclude>
    <ClInclude Include="SpawnState.hpp">
      <Filter>Header Files\Tank\States</Filter>
    </ClInclude>
    <ClInclude Include="TankState.hpp">
      <Filter>Header Files\Tank\States</Filter>
    </ClInclude>
    <ClInclude Include="WanderState.hpp">
      <Filter>Header Files\Tank\States</Filter>
    </ClInclude>
    <ClInclude Include="AttackState.hpp">
      <Filter>Header Files\Tank\States</Filter>
    </ClInclude>
    <ClInclude Include="DestroyedState.hpp">
      <Filter>Header Files\Tank\States</Filter>
    </ClInclude>
    <ClInclude Include="FindTrophyState.hpp">
      <Filter>Header Files\Tank\States</Filter>
    </ClInclude>
    <ClInclude Include="FindPowerupState.hpp">
      <Filter>Header Files\Tank\States</Filter>
    </ClInclude>
    <ClInclude Include="TankCollider.hpp">
      <Filter>Header Files\Tank</Filter>
    </ClInclude>
    <ClInclude Include="Trophy.hpp">
      <Filter>Header Files\Objects</Filter>
    </ClInclude>
    <ClInclude Include="ObjectFactory.hpp">
      <Filter>Header Files\Objects</Filter>
    </ClInclude>
    <ClInclude Include="AudioEngine.h">
      <Filter>Header Files</Filter>
    </ClInclude>
  </ItemGroup>
  <ItemGroup>
    <ClCompile Include="BaseApplication.cpp">
      <Filter>Source Files</Filter>
    </ClCompile>
    <ClCompile Include="DemoApp.cpp">
      <Filter>Source Files</Filter>
    </ClCompile>
    <ClCompile Include="Connection.cpp">
      <Filter>Source Files\Pathfinding</Filter>
    </ClCompile>
    <ClCompile Include="Graph.cpp">
      <Filter>Source Files\Pathfinding</Filter>
    </ClCompile>
    <ClCompile Include="NodeRecord.cpp">
      <Filter>Source Files\Pathfinding</Filter>
    </ClCompile>
    <ClCompile Include="PathFinding.cpp">
      <Filter>Source Files\Pathfinding</Filter>
    </ClCompile>
    <ClCompile Include="stdafx.cpp">
      <Filter>Source Files</Filter>
    </ClCompile>
    <ClCompile Include="SelectionBox.cpp">
      <Filter>Source Files</Filter>
    </ClCompile>
    <ClCompile Include="PhysicsEngine.cpp">
      <Filter>Source Files</Filter>
    </ClCompile>
    <ClCompile Include="PowerUp.cpp">
      <Filter>Source Files</Filter>
    </ClCompile>
    <ClCompile Include="PoolManager.cpp">
      <Filter>Source Files\Objects</Filter>
    </ClCompile>
    <ClCompile Include="Tank.cpp">
      <Filter>Source Files\Tank</Filter>
    </ClCompile>
    <ClCompile Include="Utilities.cpp">
      <Filter>Source Files\Common</Filter>
    </ClCompile>
    <ClCompile Include="Turret.cpp">
      <Filter>Source Files\Tank</Filter>
    </ClCompile>
    <ClCompile Include="TankFactory.cpp">
      <Filter>Source Files\Objects</Filter>
    </ClCompile>
    <ClCompile Include="Program.cpp">
      <Filter>Source Files</Filter>
    </ClCompile>
    <ClCompile Include="GameObject.cpp">
      <Filter>Source Files</Filter>
    </ClCompile>
    <ClCompile Include="TankKinematics.cpp">
      <Filter>Source Files\Tank</Filter>
    </ClCompile>
    <ClCompile Include="AttackState.cpp">
      <Filter>Source Files\Tank\States</Filter>
    </ClCompile>
    <ClCompile Include="WanderState.cpp">
      <Filter>Source Files\Tank\States</Filter>
    </ClCompile>
    <ClCompile Include="SpawnState.cpp">
      <Filter>Source Files\Tank\States</Filter>
    </ClCompile>
    <ClCompile Include="DestroyedState.cpp">
      <Filter>Source Files\Tank\States</Filter>
    </ClCompile>
    <ClCompile Include="FindTrophyState.cpp">
      <Filter>Source Files\Tank\States</Filter>
    </ClCompile>
    <ClCompile Include="FindPowerupState.cpp">
      <Filter>Source Files\Tank\States</Filter>
    </ClCompile>
    <ClCompile Include="AudioEngine.cpp">
      <Filter>Source Files</Filter>
    </ClCompile>
    <ClCompile Include="ObjectFactory.cpp">
      <Filter>Source Files\Objects</Filter>
    </ClCompile>
  </ItemGroup>
  <ItemGroup>
    <None Include="ogre.cfg">
      <Filter>Configuration Files</Filter>
    </None>
    <None Include="plugins.cfg">
      <Filter>Configuration Files</Filter>
    </None>
    <None Include="plugins_d.cfg">
      <Filter>Configuration Files</Filter>
    </None>
    <None Include="resources.cfg">
      <Filter>Configuration Files</Filter>
    </None>
    <None Include="resources_d.cfg">
      <Filter>Configuration Files</Filter>
    </None>
    <None Include="media\PowerUp.mesh">
      <Filter>media</Filter>
    </None>
    <None Include="media\PowerUp.material">
      <Filter>media</Filter>
    </None>
    <None Include="media\myMaterial.material">
      <Filter>media</Filter>
    </None>
  </ItemGroup>
  <ItemGroup>
    <Image Include="media\circulo.png">
      <Filter>media</Filter>
    </Image>
    <Image Include="media\healthbar.png">
      <Filter>media</Filter>
    </Image>
  </ItemGroup>
  <ItemGroup>
    <Media Include="media\audio\explosion.wav">
      <Filter>media</Filter>
    </Media>
    <Media Include="media\audio\firing.wav">
      <Filter>media</Filter>
    </Media>
  </ItemGroup>
</Project>